// !$*UTF8*$!
{
	archiveVersion = 1;
	classes = {
	};
	objectVersion = 46;
	objects = {

/* Begin PBXBuildFile section */
		3F7E5E73150B09710051E9F0 /* background.png in Resources */ = {isa = PBXBuildFile; fileRef = 3F7E5E72150B09710051E9F0 /* background.png */; };
		3F7E5E75150B0A520051E9F0 /* woodbackground.png in Resources */ = {isa = PBXBuildFile; fileRef = 3F7E5E74150B0A520051E9F0 /* woodbackground.png */; };
		3FB5BA8515046D4700E2BD0D /* UIKit.framework in Frameworks */ = {isa = PBXBuildFile; fileRef = 3FB5BA8415046D4700E2BD0D /* UIKit.framework */; };
		3FB5BA8715046D4800E2BD0D /* Foundation.framework in Frameworks */ = {isa = PBXBuildFile; fileRef = 3FB5BA8615046D4700E2BD0D /* Foundation.framework */; };
		3FB5BA8915046D4800E2BD0D /* CoreGraphics.framework in Frameworks */ = {isa = PBXBuildFile; fileRef = 3FB5BA8815046D4800E2BD0D /* CoreGraphics.framework */; };
		3FB5BA8F15046D4800E2BD0D /* InfoPlist.strings in Resources */ = {isa = PBXBuildFile; fileRef = 3FB5BA8D15046D4800E2BD0D /* InfoPlist.strings */; };
		3FB5BA9115046D4800E2BD0D /* main.m in Sources */ = {isa = PBXBuildFile; fileRef = 3FB5BA9015046D4800E2BD0D /* main.m */; };
		3FB5BA9515046D4800E2BD0D /* AppDelegate.m in Sources */ = {isa = PBXBuildFile; fileRef = 3FB5BA9415046D4800E2BD0D /* AppDelegate.m */; };
		3FB5BA9815046D4800E2BD0D /* ViewController.m in Sources */ = {isa = PBXBuildFile; fileRef = 3FB5BA9715046D4800E2BD0D /* ViewController.m */; };
		3FB5BA9B15046D4800E2BD0D /* ViewController.xib in Resources */ = {isa = PBXBuildFile; fileRef = 3FB5BA9915046D4800E2BD0D /* ViewController.xib */; };
		3FB5BAAB1504786200E2BD0D /* key.png in Resources */ = {isa = PBXBuildFile; fileRef = 3FB5BAAA1504786200E2BD0D /* key.png */; };
		3FB5BAAD15047F3900E2BD0D /* heart.png in Resources */ = {isa = PBXBuildFile; fileRef = 3FB5BAAC15047F3900E2BD0D /* heart.png */; };
		3FB5BAAF1504808300E2BD0D /* heartbreak.png in Resources */ = {isa = PBXBuildFile; fileRef = 3FB5BAAE1504808300E2BD0D /* heartbreak.png */; };
		3FB5BAB5150482A400E2BD0D /* globe.png in Resources */ = {isa = PBXBuildFile; fileRef = 3FB5BAB4150482A400E2BD0D /* globe.png */; };
/* End PBXBuildFile section */

/* Begin PBXFileReference section */
		3F7E5E72150B09710051E9F0 /* background.png */ = {isa = PBXFileReference; lastKnownFileType = image.png; path = background.png; sourceTree = "<group>"; };
		3F7E5E74150B0A520051E9F0 /* woodbackground.png */ = {isa = PBXFileReference; lastKnownFileType = image.png; path = woodbackground.png; sourceTree = "<group>"; };
		3FB5BA8015046D4700E2BD0D /* AlertViewDemo.app */ = {isa = PBXFileReference; explicitFileType = wrapper.application; includeInIndex = 0; path = AlertViewDemo.app; sourceTree = BUILT_PRODUCTS_DIR; };
		3FB5BA8415046D4700E2BD0D /* UIKit.framework */ = {isa = PBXFileReference; lastKnownFileType = wrapper.framework; name = UIKit.framework; path = System/Library/Frameworks/UIKit.framework; sourceTree = SDKROOT; };
		3FB5BA8615046D4700E2BD0D /* Foundation.framework */ = {isa = PBXFileReference; lastKnownFileType = wrapper.framework; name = Foundation.framework; path = System/Library/Frameworks/Foundation.framework; sourceTree = SDKROOT; };
		3FB5BA8815046D4800E2BD0D /* CoreGraphics.framework */ = {isa = PBXFileReference; lastKnownFileType = wrapper.framework; name = CoreGraphics.framework; path = System/Library/Frameworks/CoreGraphics.framework; sourceTree = SDKROOT; };
		3FB5BA8C15046D4800E2BD0D /* AlertViewDemo-Info.plist */ = {isa = PBXFileReference; lastKnownFileType = text.plist.xml; path = "AlertViewDemo-Info.plist"; sourceTree = "<group>"; };
		3FB5BA8E15046D4800E2BD0D /* en */ = {isa = PBXFileReference; lastKnownFileType = text.plist.strings; name = en; path = en.lproj/InfoPlist.strings; sourceTree = "<group>"; };
		3FB5BA9015046D4800E2BD0D /* main.m */ = {isa = PBXFileReference; lastKnownFileType = sourcecode.c.objc; path = main.m; sourceTree = "<group>"; };
		3FB5BA9215046D4800E2BD0D /* AlertViewDemo-Prefix.pch */ = {isa = PBXFileReference; lastKnownFileType = sourcecode.c.h; path = "AlertViewDemo-Prefix.pch"; sourceTree = "<group>"; };
		3FB5BA9315046D4800E2BD0D /* AppDelegate.h */ = {isa = PBXFileReference; lastKnownFileType = sourcecode.c.h; path = AppDelegate.h; sourceTree = "<group>"; };
		3FB5BA9415046D4800E2BD0D /* AppDelegate.m */ = {isa = PBXFileReference; lastKnownFileType = sourcecode.c.objc; path = AppDelegate.m; sourceTree = "<group>"; };
		3FB5BA9615046D4800E2BD0D /* ViewController.h */ = {isa = PBXFileReference; lastKnownFileType = sourcecode.c.h; path = ViewController.h; sourceTree = "<group>"; };
		3FB5BA9715046D4800E2BD0D /* ViewController.m */ = {isa = PBXFileReference; lastKnownFileType = sourcecode.c.objc; path = ViewController.m; sourceTree = "<group>"; };
		3FB5BA9A15046D4800E2BD0D /* en */ = {isa = PBXFileReference; lastKnownFileType = file.xib; name = en; path = en.lproj/ViewController.xib; sourceTree = "<group>"; };
		3FB5BAAA1504786200E2BD0D /* key.png */ = {isa = PBXFileReference; lastKnownFileType = image.png; path = key.png; sourceTree = "<group>"; };
		3FB5BAAC15047F3900E2BD0D /* heart.png */ = {isa = PBXFileReference; lastKnownFileType = image.png; path = heart.png; sourceTree = "<group>"; };
		3FB5BAAE1504808300E2BD0D /* heartbreak.png */ = {isa = PBXFileReference; lastKnownFileType = image.png; path = heartbreak.png; sourceTree = "<group>"; };
		3FB5BAB4150482A400E2BD0D /* globe.png */ = {isa = PBXFileReference; lastKnownFileType = image.png; path = globe.png; sourceTree = "<group>"; };
/* End PBXFileReference section */

/* Begin PBXFrameworksBuildPhase section */
		3FB5BA7D15046D4700E2BD0D /* Frameworks */ = {
			isa = PBXFrameworksBuildPhase;
			buildActionMask = 2147483647;
			files = (
				3FB5BA8515046D4700E2BD0D /* UIKit.framework in Frameworks */,
				3FB5BA8715046D4800E2BD0D /* Foundation.framework in Frameworks */,
				3FB5BA8915046D4800E2BD0D /* CoreGraphics.framework in Frameworks */,
			);
			runOnlyForDeploymentPostprocessing = 0;
		};
/* End PBXFrameworksBuildPhase section */

/* Begin PBXGroup section */
		3FB5BA7515046D4700E2BD0D = {
			isa = PBXGroup;
			children = (
				3FB5BA8A15046D4800E2BD0D /* AlertViewDemo */,
				3FB5BA8315046D4700E2BD0D /* Frameworks */,
				3FB5BA8115046D4700E2BD0D /* Products */,
			);
			sourceTree = "<group>";
		};
		3FB5BA8115046D4700E2BD0D /* Products */ = {
			isa = PBXGroup;
			children = (
				3FB5BA8015046D4700E2BD0D /* AlertViewDemo.app */,
			);
			name = Products;
			sourceTree = "<group>";
		};
		3FB5BA8315046D4700E2BD0D /* Frameworks */ = {
			isa = PBXGroup;
			children = (
				3FB5BA8415046D4700E2BD0D /* UIKit.framework */,
				3FB5BA8615046D4700E2BD0D /* Foundation.framework */,
				3FB5BA8815046D4800E2BD0D /* CoreGraphics.framework */,
			);
			name = Frameworks;
			sourceTree = "<group>";
		};
		3FB5BA8A15046D4800E2BD0D /* AlertViewDemo */ = {
			isa = PBXGroup;
			children = (
				3FB5BA9315046D4800E2BD0D /* AppDelegate.h */,
				3FB5BA9415046D4800E2BD0D /* AppDelegate.m */,
				3FB5BA9615046D4800E2BD0D /* ViewController.h */,
				3FB5BA9715046D4800E2BD0D /* ViewController.m */,
				3FB5BA9915046D4800E2BD0D /* ViewController.xib */,
				3FB5BAA91504784E00E2BD0D /* Images */,
				3FB5BA8B15046D4800E2BD0D /* Supporting Files */,
			);
			path = AlertViewDemo;
			sourceTree = "<group>";
		};
		3FB5BA8B15046D4800E2BD0D /* Supporting Files */ = {
			isa = PBXGroup;
			children = (
				3FB5BA8C15046D4800E2BD0D /* AlertViewDemo-Info.plist */,
				3FB5BA8D15046D4800E2BD0D /* InfoPlist.strings */,
				3FB5BA9015046D4800E2BD0D /* main.m */,
				3FB5BA9215046D4800E2BD0D /* AlertViewDemo-Prefix.pch */,
			);
			name = "Supporting Files";
			sourceTree = "<group>";
		};
		3FB5BAA91504784E00E2BD0D /* Images */ = {
			isa = PBXGroup;
			children = (
				3F7E5E74150B0A520051E9F0 /* woodbackground.png */,
				3F7E5E72150B09710051E9F0 /* background.png */,
				3FB5BAB4150482A400E2BD0D /* globe.png */,
				3FB5BAAE1504808300E2BD0D /* heartbreak.png */,
				3FB5BAAC15047F3900E2BD0D /* heart.png */,
				3FB5BAAA1504786200E2BD0D /* key.png */,
			);
			name = Images;
			sourceTree = "<group>";
		};
/* End PBXGroup section */

/* Begin PBXNativeTarget section */
		3FB5BA7F15046D4700E2BD0D /* AlertViewDemo */ = {
			isa = PBXNativeTarget;
			buildConfigurationList = 3FB5BA9E15046D4800E2BD0D /* Build configuration list for PBXNativeTarget "AlertViewDemo" */;
			buildPhases = (
				3FB5BA7C15046D4700E2BD0D /* Sources */,
				3FB5BA7D15046D4700E2BD0D /* Frameworks */,
				3FB5BA7E15046D4700E2BD0D /* Resources */,
			);
			buildRules = (
			);
			dependencies = (
			);
			name = AlertViewDemo;
			productName = AlertViewDemo;
			productReference = 3FB5BA8015046D4700E2BD0D /* AlertViewDemo.app */;
			productType = "com.apple.product-type.application";
		};
/* End PBXNativeTarget section */

/* Begin PBXProject section */
		3FB5BA7715046D4700E2BD0D /* Project object */ = {
			isa = PBXProject;
			attributes = {
				LastUpgradeCheck = 0420;
			};
			buildConfigurationList = 3FB5BA7A15046D4700E2BD0D /* Build configuration list for PBXProject "AlertViewDemo" */;
			compatibilityVersion = "Xcode 3.2";
			developmentRegion = English;
			hasScannedForEncodings = 0;
			knownRegions = (
				en,
			);
			mainGroup = 3FB5BA7515046D4700E2BD0D;
			productRefGroup = 3FB5BA8115046D4700E2BD0D /* Products */;
			projectDirPath = "";
			projectRoot = "";
			targets = (
				3FB5BA7F15046D4700E2BD0D /* AlertViewDemo */,
			);
		};
/* End PBXProject section */

/* Begin PBXResourcesBuildPhase section */
		3FB5BA7E15046D4700E2BD0D /* Resources */ = {
			isa = PBXResourcesBuildPhase;
			buildActionMask = 2147483647;
			files = (
				3FB5BA8F15046D4800E2BD0D /* InfoPlist.strings in Resources */,
				3FB5BA9B15046D4800E2BD0D /* ViewController.xib in Resources */,
				3FB5BAAB1504786200E2BD0D /* key.png in Resources */,
				3FB5BAAD15047F3900E2BD0D /* heart.png in Resources */,
				3FB5BAAF1504808300E2BD0D /* heartbreak.png in Resources */,
				3FB5BAB5150482A400E2BD0D /* globe.png in Resources */,
				3F7E5E73150B09710051E9F0 /* background.png in Resources */,
				3F7E5E75150B0A520051E9F0 /* woodbackground.png in Resources */,
			);
			runOnlyForDeploymentPostprocessing = 0;
		};
/* End PBXResourcesBuildPhase section */

/* Begin PBXSourcesBuildPhase section */
		3FB5BA7C15046D4700E2BD0D /* Sources */ = {
			isa = PBXSourcesBuildPhase;
			buildActionMask = 2147483647;
			files = (
				3FB5BA9115046D4800E2BD0D /* main.m in Sources */,
				3FB5BA9515046D4800E2BD0D /* AppDelegate.m in Sources */,
				3FB5BA9815046D4800E2BD0D /* ViewController.m in Sources */,
			);
			runOnlyForDeploymentPostprocessing = 0;
		};
/* End PBXSourcesBuildPhase section */

/* Begin PBXVariantGroup section */
		3FB5BA8D15046D4800E2BD0D /* InfoPlist.strings */ = {
			isa = PBXVariantGroup;
			children = (
				3FB5BA8E15046D4800E2BD0D /* en */,
			);
			name = InfoPlist.strings;
			sourceTree = "<group>";
		};
		3FB5BA9915046D4800E2BD0D /* ViewController.xib */ = {
			isa = PBXVariantGroup;
			children = (
				3FB5BA9A15046D4800E2BD0D /* en */,
			);
			name = ViewController.xib;
			sourceTree = "<group>";
		};
/* End PBXVariantGroup section */

/* Begin XCBuildConfiguration section */
		3FB5BA9C15046D4800E2BD0D /* Debug */ = {
			isa = XCBuildConfiguration;
			buildSettings = {
				ALWAYS_SEARCH_USER_PATHS = NO;
				ARCHS = "$(ARCHS_STANDARD_32_BIT)";
				CLANG_ENABLE_OBJC_ARC = YES;
				"CODE_SIGN_IDENTITY[sdk=iphoneos*]" = "iPhone Developer";
				COPY_PHASE_STRIP = NO;
				GCC_C_LANGUAGE_STANDARD = gnu99;
				GCC_DYNAMIC_NO_PIC = NO;
				GCC_OPTIMIZATION_LEVEL = 0;
				GCC_PREPROCESSOR_DEFINITIONS = (
					"DEBUG=1",
					"$(inherited)",
				);
				GCC_SYMBOLS_PRIVATE_EXTERN = NO;
				GCC_VERSION = com.apple.compilers.llvm.clang.1_0;
				GCC_WARN_ABOUT_MISSING_PROTOTYPES = YES;
				GCC_WARN_ABOUT_RETURN_TYPE = YES;
				GCC_WARN_UNUSED_VARIABLE = YES;
				IPHONEOS_DEPLOYMENT_TARGET = 5.0;
				SDKROOT = iphoneos;
			};
			name = Debug;
		};
		3FB5BA9D15046D4800E2BD0D /* Release */ = {
			isa = XCBuildConfiguration;
			buildSettings = {
				ALWAYS_SEARCH_USER_PATHS = NO;
				ARCHS = "$(ARCHS_STANDARD_32_BIT)";
				CLANG_ENABLE_OBJC_ARC = YES;
				"CODE_SIGN_IDENTITY[sdk=iphoneos*]" = "iPhone Developer";
				COPY_PHASE_STRIP = YES;
				GCC_C_LANGUAGE_STANDARD = gnu99;
				GCC_VERSION = com.apple.compilers.llvm.clang.1_0;
				GCC_WARN_ABOUT_MISSING_PROTOTYPES = YES;
				GCC_WARN_ABOUT_RETURN_TYPE = YES;
				GCC_WARN_UNUSED_VARIABLE = YES;
				IPHONEOS_DEPLOYMENT_TARGET = 5.0;
				OTHER_CFLAGS = "-DNS_BLOCK_ASSERTIONS=1";
				SDKROOT = iphoneos;
				VALIDATE_PRODUCT = YES;
			};
			name = Release;
		};
		3FB5BA9F15046D4800E2BD0D /* Debug */ = {
			isa = XCBuildConfiguration;
			buildSettings = {
				GCC_PRECOMPILE_PREFIX_HEADER = YES;
				GCC_PREFIX_HEADER = "AlertViewDemo/AlertViewDemo-Prefix.pch";
				INFOPLIST_FILE = "AlertViewDemo/AlertViewDemo-Info.plist";
				PRODUCT_NAME = "$(TARGET_NAME)";
				WRAPPER_EXTENSION = app;
			};
			name = Debug;
		};
		3FB5BAA015046D4800E2BD0D /* Release */ = {
			isa = XCBuildConfiguration;
			buildSettings = {
				GCC_PRECOMPILE_PREFIX_HEADER = YES;
				GCC_PREFIX_HEADER = "AlertViewDemo/AlertViewDemo-Prefix.pch";
				INFOPLIST_FILE = "AlertViewDemo/AlertViewDemo-Info.plist";
				PRODUCT_NAME = "$(TARGET_NAME)";
				WRAPPER_EXTENSION = app;
			};
			name = Release;
		};
/* End XCBuildConfiguration section */

/* Begin XCConfigurationList section */
		3FB5BA7A15046D4700E2BD0D /* Build configuration list for PBXProject "AlertViewDemo" */ = {
			isa = XCConfigurationList;
			buildConfigurations = (
				3FB5BA9C15046D4800E2BD0D /* Debug */,
				3FB5BA9D15046D4800E2BD0D /* Release */,
			);
			defaultConfigurationIsVisible = 0;
			defaultConfigurationName = Release;
		};
		3FB5BA9E15046D4800E2BD0D /* Build configuration list for PBXNativeTarget "AlertViewDemo" */ = {
			isa = XCConfigurationList;
			buildConfigurations = (
				3FB5BA9F15046D4800E2BD0D /* Debug */,
				3FB5BAA015046D4800E2BD0D /* Release */,
			);
			defaultConfigurationIsVisible = 0;
			defaultConfigurationName = Release;
		};
/* End XCConfigurationList section */
	};
	rootObject = 3FB5BA7715046D4700E2BD0D /* Project object */;
}
