// !$*UTF8*$!
{
	archiveVersion = 1;
	classes = {
	};
	objectVersion = 46;
	objects = {

/* Begin PBXBuildFile section */
		E221935915A8589A009405B7 /* UIKit.framework in Frameworks */ = {isa = PBXBuildFile; fileRef = E221935815A8589A009405B7 /* UIKit.framework */; };
		E221935B15A8589A009405B7 /* Foundation.framework in Frameworks */ = {isa = PBXBuildFile; fileRef = E221935A15A8589A009405B7 /* Foundation.framework */; };
		E221935D15A8589A009405B7 /* CoreGraphics.framework in Frameworks */ = {isa = PBXBuildFile; fileRef = E221935C15A8589A009405B7 /* CoreGraphics.framework */; };
		E221936315A8589A009405B7 /* InfoPlist.strings in Resources */ = {isa = PBXBuildFile; fileRef = E221936115A8589A009405B7 /* InfoPlist.strings */; };
		E221936515A8589A009405B7 /* main.m in Sources */ = {isa = PBXBuildFile; fileRef = E221936415A8589A009405B7 /* main.m */; };
		E221936915A8589A009405B7 /* AppDelegate.m in Sources */ = {isa = PBXBuildFile; fileRef = E221936815A8589A009405B7 /* AppDelegate.m */; };
		E221936C15A8589A009405B7 /* MainStoryboard.storyboard in Resources */ = {isa = PBXBuildFile; fileRef = E221936A15A8589A009405B7 /* MainStoryboard.storyboard */; };
		E221936F15A8589A009405B7 /* ViewController.m in Sources */ = {isa = PBXBuildFile; fileRef = E221936E15A8589A009405B7 /* ViewController.m */; };
		E221937615A858F3009405B7 /* Ventura.jpg in Resources */ = {isa = PBXBuildFile; fileRef = E221937515A858F3009405B7 /* Ventura.jpg */; };
/* End PBXBuildFile section */

/* Begin PBXFileReference section */
		E221935415A8589A009405B7 /* SimpleZoom.app */ = {isa = PBXFileReference; explicitFileType = wrapper.application; includeInIndex = 0; path = SimpleZoom.app; sourceTree = BUILT_PRODUCTS_DIR; };
		E221935815A8589A009405B7 /* UIKit.framework */ = {isa = PBXFileReference; lastKnownFileType = wrapper.framework; name = UIKit.framework; path = System/Library/Frameworks/UIKit.framework; sourceTree = SDKROOT; };
		E221935A15A8589A009405B7 /* Foundation.framework */ = {isa = PBXFileReference; lastKnownFileType = wrapper.framework; name = Foundation.framework; path = System/Library/Frameworks/Foundation.framework; sourceTree = SDKROOT; };
		E221935C15A8589A009405B7 /* CoreGraphics.framework */ = {isa = PBXFileReference; lastKnownFileType = wrapper.framework; name = CoreGraphics.framework; path = System/Library/Frameworks/CoreGraphics.framework; sourceTree = SDKROOT; };
		E221936015A8589A009405B7 /* SimpleZoom-Info.plist */ = {isa = PBXFileReference; lastKnownFileType = text.plist.xml; path = "SimpleZoom-Info.plist"; sourceTree = "<group>"; };
		E221936215A8589A009405B7 /* en */ = {isa = PBXFileReference; lastKnownFileType = text.plist.strings; name = en; path = en.lproj/InfoPlist.strings; sourceTree = "<group>"; };
		E221936415A8589A009405B7 /* main.m */ = {isa = PBXFileReference; lastKnownFileType = sourcecode.c.objc; path = main.m; sourceTree = "<group>"; };
		E221936615A8589A009405B7 /* SimpleZoom-Prefix.pch */ = {isa = PBXFileReference; lastKnownFileType = sourcecode.c.h; path = "SimpleZoom-Prefix.pch"; sourceTree = "<group>"; };
		E221936715A8589A009405B7 /* AppDelegate.h */ = {isa = PBXFileReference; lastKnownFileType = sourcecode.c.h; path = AppDelegate.h; sourceTree = "<group>"; };
		E221936815A8589A009405B7 /* AppDelegate.m */ = {isa = PBXFileReference; lastKnownFileType = sourcecode.c.objc; path = AppDelegate.m; sourceTree = "<group>"; };
		E221936B15A8589A009405B7 /* en */ = {isa = PBXFileReference; lastKnownFileType = file.storyboard; name = en; path = en.lproj/MainStoryboard.storyboard; sourceTree = "<group>"; };
		E221936D15A8589A009405B7 /* ViewController.h */ = {isa = PBXFileReference; lastKnownFileType = sourcecode.c.h; path = ViewController.h; sourceTree = "<group>"; };
		E221936E15A8589A009405B7 /* ViewController.m */ = {isa = PBXFileReference; lastKnownFileType = sourcecode.c.objc; path = ViewController.m; sourceTree = "<group>"; };
		E221937515A858F3009405B7 /* Ventura.jpg */ = {isa = PBXFileReference; lastKnownFileType = image.jpeg; path = Ventura.jpg; sourceTree = "<group>"; };
/* End PBXFileReference section */

/* Begin PBXFrameworksBuildPhase section */
		E221935115A8589A009405B7 /* Frameworks */ = {
			isa = PBXFrameworksBuildPhase;
			buildActionMask = 2147483647;
			files = (
				E221935915A8589A009405B7 /* UIKit.framework in Frameworks */,
				E221935B15A8589A009405B7 /* Foundation.framework in Frameworks */,
				E221935D15A8589A009405B7 /* CoreGraphics.framework in Frameworks */,
			);
			runOnlyForDeploymentPostprocessing = 0;
		};
/* End PBXFrameworksBuildPhase section */

/* Begin PBXGroup section */
		E221934915A8589A009405B7 = {
			isa = PBXGroup;
			children = (
				E221935E15A8589A009405B7 /* SimpleZoom */,
				E221935715A8589A009405B7 /* Frameworks */,
				E221935515A8589A009405B7 /* Products */,
			);
			sourceTree = "<group>";
		};
		E221935515A8589A009405B7 /* Products */ = {
			isa = PBXGroup;
			children = (
				E221935415A8589A009405B7 /* SimpleZoom.app */,
			);
			name = Products;
			sourceTree = "<group>";
		};
		E221935715A8589A009405B7 /* Frameworks */ = {
			isa = PBXGroup;
			children = (
				E221935815A8589A009405B7 /* UIKit.framework */,
				E221935A15A8589A009405B7 /* Foundation.framework */,
				E221935C15A8589A009405B7 /* CoreGraphics.framework */,
			);
			name = Frameworks;
			sourceTree = "<group>";
		};
		E221935E15A8589A009405B7 /* SimpleZoom */ = {
			isa = PBXGroup;
			children = (
				E221937515A858F3009405B7 /* Ventura.jpg */,
				E221936715A8589A009405B7 /* AppDelegate.h */,
				E221936815A8589A009405B7 /* AppDelegate.m */,
				E221936A15A8589A009405B7 /* MainStoryboard.storyboard */,
				E221936D15A8589A009405B7 /* ViewController.h */,
				E221936E15A8589A009405B7 /* ViewController.m */,
				E221935F15A8589A009405B7 /* Supporting Files */,
			);
			path = SimpleZoom;
			sourceTree = "<group>";
		};
		E221935F15A8589A009405B7 /* Supporting Files */ = {
			isa = PBXGroup;
			children = (
				E221936015A8589A009405B7 /* SimpleZoom-Info.plist */,
				E221936115A8589A009405B7 /* InfoPlist.strings */,
				E221936415A8589A009405B7 /* main.m */,
				E221936615A8589A009405B7 /* SimpleZoom-Prefix.pch */,
			);
			name = "Supporting Files";
			sourceTree = "<group>";
		};
/* End PBXGroup section */

/* Begin PBXNativeTarget section */
		E221935315A8589A009405B7 /* SimpleZoom */ = {
			isa = PBXNativeTarget;
			buildConfigurationList = E221937215A8589A009405B7 /* Build configuration list for PBXNativeTarget "SimpleZoom" */;
			buildPhases = (
				E221935015A8589A009405B7 /* Sources */,
				E221935115A8589A009405B7 /* Frameworks */,
				E221935215A8589A009405B7 /* Resources */,
			);
			buildRules = (
			);
			dependencies = (
			);
			name = SimpleZoom;
			productName = SimpleZoom;
			productReference = E221935415A8589A009405B7 /* SimpleZoom.app */;
			productType = "com.apple.product-type.application";
		};
/* End PBXNativeTarget section */

/* Begin PBXProject section */
		E221934B15A8589A009405B7 /* Project object */ = {
			isa = PBXProject;
			attributes = {
				LastUpgradeCheck = 0430;
			};
			buildConfigurationList = E221934E15A8589A009405B7 /* Build configuration list for PBXProject "SimpleZoom" */;
			compatibilityVersion = "Xcode 3.2";
			developmentRegion = English;
			hasScannedForEncodings = 0;
			knownRegions = (
				en,
			);
			mainGroup = E221934915A8589A009405B7;
			productRefGroup = E221935515A8589A009405B7 /* Products */;
			projectDirPath = "";
			projectRoot = "";
			targets = (
				E221935315A8589A009405B7 /* SimpleZoom */,
			);
		};
/* End PBXProject section */

/* Begin PBXResourcesBuildPhase section */
		E221935215A8589A009405B7 /* Resources */ = {
			isa = PBXResourcesBuildPhase;
			buildActionMask = 2147483647;
			files = (
				E221936315A8589A009405B7 /* InfoPlist.strings in Resources */,
				E221936C15A8589A009405B7 /* MainStoryboard.storyboard in Resources */,
				E221937615A858F3009405B7 /* Ventura.jpg in Resources */,
			);
			runOnlyForDeploymentPostprocessing = 0;
		};
/* End PBXResourcesBuildPhase section */

/* Begin PBXSourcesBuildPhase section */
		E221935015A8589A009405B7 /* Sources */ = {
			isa = PBXSourcesBuildPhase;
			buildActionMask = 2147483647;
			files = (
				E221936515A8589A009405B7 /* main.m in Sources */,
				E221936915A8589A009405B7 /* AppDelegate.m in Sources */,
				E221936F15A8589A009405B7 /* ViewController.m in Sources */,
			);
			runOnlyForDeploymentPostprocessing = 0;
		};
/* End PBXSourcesBuildPhase section */

/* Begin PBXVariantGroup section */
		E221936115A8589A009405B7 /* InfoPlist.strings */ = {
			isa = PBXVariantGroup;
			children = (
				E221936215A8589A009405B7 /* en */,
			);
			name = InfoPlist.strings;
			sourceTree = "<group>";
		};
		E221936A15A8589A009405B7 /* MainStoryboard.storyboard */ = {
			isa = PBXVariantGroup;
			children = (
				E221936B15A8589A009405B7 /* en */,
			);
			name = MainStoryboard.storyboard;
			sourceTree = "<group>";
		};
/* End PBXVariantGroup section */

/* Begin XCBuildConfiguration section */
		E221937015A8589A009405B7 /* Debug */ = {
			isa = XCBuildConfiguration;
			buildSettings = {
				ALWAYS_SEARCH_USER_PATHS = NO;
				ARCHS = "$(ARCHS_STANDARD_32_BIT)";
				CLANG_ENABLE_OBJC_ARC = YES;
				"CODE_SIGN_IDENTITY[sdk=iphoneos*]" = "iPhone Developer";
				COPY_PHASE_STRIP = NO;
				GCC_C_LANGUAGE_STANDARD = gnu99;
				GCC_DYNAMIC_NO_PIC = NO;
				GCC_OPTIMIZATION_LEVEL = 0;
				GCC_PREPROCESSOR_DEFINITIONS = (
					"DEBUG=1",
					"$(inherited)",
				);
				GCC_SYMBOLS_PRIVATE_EXTERN = NO;
				GCC_VERSION = com.apple.compilers.llvm.clang.1_0;
				GCC_WARN_ABOUT_RETURN_TYPE = YES;
				GCC_WARN_UNINITIALIZED_AUTOS = YES;
				GCC_WARN_UNUSED_VARIABLE = YES;
				IPHONEOS_DEPLOYMENT_TARGET = 5.1;
				SDKROOT = iphoneos;
			};
			name = Debug;
		};
		E221937115A8589A009405B7 /* Release */ = {
			isa = XCBuildConfiguration;
			buildSettings = {
				ALWAYS_SEARCH_USER_PATHS = NO;
				ARCHS = "$(ARCHS_STANDARD_32_BIT)";
				CLANG_ENABLE_OBJC_ARC = YES;
				"CODE_SIGN_IDENTITY[sdk=iphoneos*]" = "iPhone Developer";
				COPY_PHASE_STRIP = YES;
				GCC_C_LANGUAGE_STANDARD = gnu99;
				GCC_VERSION = com.apple.compilers.llvm.clang.1_0;
				GCC_WARN_ABOUT_RETURN_TYPE = YES;
				GCC_WARN_UNINITIALIZED_AUTOS = YES;
				GCC_WARN_UNUSED_VARIABLE = YES;
				IPHONEOS_DEPLOYMENT_TARGET = 5.1;
				OTHER_CFLAGS = "-DNS_BLOCK_ASSERTIONS=1";
				SDKROOT = iphoneos;
				VALIDATE_PRODUCT = YES;
			};
			name = Release;
		};
		E221937315A8589A009405B7 /* Debug */ = {
			isa = XCBuildConfiguration;
			buildSettings = {
				GCC_PRECOMPILE_PREFIX_HEADER = YES;
				GCC_PREFIX_HEADER = "SimpleZoom/SimpleZoom-Prefix.pch";
				INFOPLIST_FILE = "SimpleZoom/SimpleZoom-Info.plist";
				PRODUCT_NAME = "$(TARGET_NAME)";
				WRAPPER_EXTENSION = app;
			};
			name = Debug;
		};
		E221937415A8589A009405B7 /* Release */ = {
			isa = XCBuildConfiguration;
			buildSettings = {
				GCC_PRECOMPILE_PREFIX_HEADER = YES;
				GCC_PREFIX_HEADER = "SimpleZoom/SimpleZoom-Prefix.pch";
				INFOPLIST_FILE = "SimpleZoom/SimpleZoom-Info.plist";
				PRODUCT_NAME = "$(TARGET_NAME)";
				WRAPPER_EXTENSION = app;
			};
			name = Release;
		};
/* End XCBuildConfiguration section */

/* Begin XCConfigurationList section */
		E221934E15A8589A009405B7 /* Build configuration list for PBXProject "SimpleZoom" */ = {
			isa = XCConfigurationList;
			buildConfigurations = (
				E221937015A8589A009405B7 /* Debug */,
				E221937115A8589A009405B7 /* Release */,
			);
			defaultConfigurationIsVisible = 0;
			defaultConfigurationName = Release;
		};
		E221937215A8589A009405B7 /* Build configuration list for PBXNativeTarget "SimpleZoom" */ = {
			isa = XCConfigurationList;
			buildConfigurations = (
				E221937315A8589A009405B7 /* Debug */,
				E221937415A8589A009405B7 /* Release */,
			);
			defaultConfigurationIsVisible = 0;
		};
/* End XCConfigurationList section */
	};
	rootObject = E221934B15A8589A009405B7 /* Project object */;
}
